PODS:
  - AmplifyRTNCore (1.0.28):
    - React-Core
  - boost (1.83.0)
  - DoubleConversion (1.1.6)
  - EXConstants (15.4.6):
    - ExpoModulesCore
  - EXFont (11.10.3):
    - ExpoModulesCore
  - EXJSONUtils (0.12.3)
  - EXManifests (0.13.2):
    - ExpoModulesCore
  - Expo (50.0.17):
    - ExpoModulesCore
  - expo-dev-client (3.3.11):
    - EXManifests
    - expo-dev-launcher
    - expo-dev-menu
    - expo-dev-menu-interface
    - EXUpdatesInterface
  - expo-dev-launcher (3.6.9):
    - EXManifests
    - expo-dev-launcher/Main (= 3.6.9)
    - expo-dev-menu
    - expo-dev-menu-interface
    - ExpoModulesCore
    - EXUpdatesInterface
    - glog
    - RCT-Folly (= 2022.05.16.00)
    - React-Core
    - React-RCTAppDelegate
  - expo-dev-launcher/Main (3.6.9):
    - EXManifests
    - expo-dev-launcher/Unsafe
    - expo-dev-menu
    - expo-dev-menu-interface
    - ExpoModulesCore
    - EXUpdatesInterface
    - glog
    - RCT-Folly (= 2022.05.16.00)
    - React-Core
    - React-RCTAppDelegate
  - expo-dev-launcher/Unsafe (3.6.9):
    - EXManifests
    - expo-dev-menu
    - expo-dev-menu-interface
    - ExpoModulesCore
    - EXUpdatesInterface
    - glog
    - RCT-Folly (= 2022.05.16.00)
    - React-Core
    - React-RCTAppDelegate
  - expo-dev-menu (4.5.8):
    - expo-dev-menu/Main (= 4.5.8)
    - expo-dev-menu/ReactNativeCompatibles (= 4.5.8)
    - glog
    - RCT-Folly (= 2022.05.16.00)
    - React-Core
  - expo-dev-menu-interface (1.7.2)
  - expo-dev-menu/Main (4.5.8):
    - EXManifests
    - expo-dev-menu-interface
    - expo-dev-menu/Vendored
    - ExpoModulesCore
    - glog
    - RCT-Folly (= 2022.05.16.00)
    - React-Core
  - expo-dev-menu/ReactNativeCompatibles (4.5.8):
    - glog
    - RCT-Folly (= 2022.05.16.00)
    - React-Core
  - expo-dev-menu/SafeAreaView (4.5.8):
    - ExpoModulesCore
    - glog
    - RCT-Folly (= 2022.05.16.00)
    - React-Core
  - expo-dev-menu/Vendored (4.5.8):
    - expo-dev-menu/SafeAreaView
    - glog
    - RCT-Folly (= 2022.05.16.00)
    - React-Core
  - ExpoClipboard (5.0.1):
    - ExpoModulesCore
  - ExpoFileSystem (16.0.9):
    - ExpoModulesCore
  - ExpoHead (3.4.10):
    - ExpoModulesCore
  - ExpoKeepAwake (12.8.2):
    - ExpoModulesCore
  - ExpoLocalization (14.8.4):
    - ExpoModulesCore
  - ExpoModulesCore (1.11.13):
    - glog
    - RCT-Folly (= 2022.05.16.00)
    - React-Core
    - React-NativeModulesApple
    - React-RCTAppDelegate
    - ReactCommon/turbomodule/core
  - ExpoSystemUI (2.9.4):
    - ExpoModulesCore
  - EXSplashScreen (0.26.5):
    - ExpoModulesCore
    - glog
    - RCT-Folly (= 2022.05.16.00)
    - React-Core
  - EXUpdatesInterface (0.15.3)
  - FBLazyVector (0.73.8)
  - FBReactNativeSpec (0.73.8):
    - RCT-Folly (= 2022.05.16.00)
    - RCTRequired (= 0.73.8)
    - RCTTypeSafety (= 0.73.8)
    - React-Core (= 0.73.8)
    - React-jsi (= 0.73.8)
    - ReactCommon/turbomodule/core (= 0.73.8)
  - fmt (6.2.1)
  - glog (0.3.5)
  - hermes-engine (0.73.8):
    - hermes-engine/Pre-built (= 0.73.8)
  - hermes-engine/Pre-built (0.73.8)
  - libevent (2.1.12)
  - lottie-ios (4.3.4)
  - lottie-react-native (6.5.1):
    - glog
    - lottie-ios (~> 4.3.3)
    - RCT-Folly (= 2022.05.16.00)
    - React-Core
  - RCT-Folly (2022.05.16.00):
    - boost
    - DoubleConversion
    - fmt (~> 6.2.1)
    - glog
    - RCT-Folly/Default (= 2022.05.16.00)
  - RCT-Folly/Default (2022.05.16.00):
    - boost
    - DoubleConversion
    - fmt (~> 6.2.1)
    - glog
  - RCT-Folly/Fabric (2022.05.16.00):
    - boost
    - DoubleConversion
    - fmt (~> 6.2.1)
    - glog
  - RCT-Folly/Futures (2022.05.16.00):
    - boost
    - DoubleConversion
    - fmt (~> 6.2.1)
    - glog
    - libevent
  - RCTRequired (0.73.8)
  - RCTTypeSafety (0.73.8):
    - FBLazyVector (= 0.73.8)
    - RCTRequired (= 0.73.8)
    - React-Core (= 0.73.8)
  - React (0.73.8):
    - React-Core (= 0.73.8)
    - React-Core/DevSupport (= 0.73.8)
    - React-Core/RCTWebSocket (= 0.73.8)
    - React-RCTActionSheet (= 0.73.8)
    - React-RCTAnimation (= 0.73.8)
    - React-RCTBlob (= 0.73.8)
    - React-RCTImage (= 0.73.8)
    - React-RCTLinking (= 0.73.8)
    - React-RCTNetwork (= 0.73.8)
    - React-RCTSettings (= 0.73.8)
    - React-RCTText (= 0.73.8)
    - React-RCTVibration (= 0.73.8)
  - React-callinvoker (0.73.8)
  - React-Codegen (0.73.8):
    - DoubleConversion
    - FBReactNativeSpec
    - glog
    - hermes-engine
    - RCT-Folly
    - RCTRequired
    - RCTTypeSafety
    - React-Core
    - React-jsi
    - React-jsiexecutor
    - React-NativeModulesApple
    - React-rncore
    - ReactCommon/turbomodule/bridging
    - ReactCommon/turbomodule/core
  - React-Core (0.73.8):
    - glog
    - hermes-engine
    - RCT-Folly (= 2022.05.16.00)
    - React-Core/Default (= 0.73.8)
    - React-cxxreact
    - React-hermes
    - React-jsi
    - React-jsiexecutor
    - React-perflogger
    - React-runtimescheduler
    - React-utils
    - SocketRocket (= 0.6.1)
    - Yoga
  - React-Core/CoreModulesHeaders (0.73.8):
    - glog
    - hermes-engine
    - RCT-Folly (= 2022.05.16.00)
    - React-Core/Default
    - React-cxxreact
    - React-hermes
    - React-jsi
    - React-jsiexecutor
    - React-perflogger
    - React-runtimescheduler
    - React-utils
    - SocketRocket (= 0.6.1)
    - Yoga
  - React-Core/Default (0.73.8):
    - glog
    - hermes-engine
    - RCT-Folly (= 2022.05.16.00)
    - React-cxxreact
    - React-hermes
    - React-jsi
    - React-jsiexecutor
    - React-perflogger
    - React-runtimescheduler
    - React-utils
    - SocketRocket (= 0.6.1)
    - Yoga
  - React-Core/DevSupport (0.73.8):
    - glog
    - hermes-engine
    - RCT-Folly (= 2022.05.16.00)
    - React-Core/Default (= 0.73.8)
    - React-Core/RCTWebSocket (= 0.73.8)
    - React-cxxreact
    - React-hermes
    - React-jsi
    - React-jsiexecutor
    - React-jsinspector (= 0.73.8)
    - React-perflogger
    - React-runtimescheduler
    - React-utils
    - SocketRocket (= 0.6.1)
    - Yoga
  - React-Core/RCTActionSheetHeaders (0.73.8):
    - glog
    - hermes-engine
    - RCT-Folly (= 2022.05.16.00)
    - React-Core/Default
    - React-cxxreact
    - React-hermes
    - React-jsi
    - React-jsiexecutor
    - React-perflogger
    - React-runtimescheduler
    - React-utils
    - SocketRocket (= 0.6.1)
    - Yoga
  - React-Core/RCTAnimationHeaders (0.73.8):
    - glog
    - hermes-engine
    - RCT-Folly (= 2022.05.16.00)
    - React-Core/Default
    - React-cxxreact
    - React-hermes
    - React-jsi
    - React-jsiexecutor
    - React-perflogger
    - React-runtimescheduler
    - React-utils
    - SocketRocket (= 0.6.1)
    - Yoga
  - React-Core/RCTBlobHeaders (0.73.8):
    - glog
    - hermes-engine
    - RCT-Folly (= 2022.05.16.00)
    - React-Core/Default
    - React-cxxreact
    - React-hermes
    - React-jsi
    - React-jsiexecutor
    - React-perflogger
    - React-runtimescheduler
    - React-utils
    - SocketRocket (= 0.6.1)
    - Yoga
  - React-Core/RCTImageHeaders (0.73.8):
    - glog
    - hermes-engine
    - RCT-Folly (= 2022.05.16.00)
    - React-Core/Default
    - React-cxxreact
    - React-hermes
    - React-jsi
    - React-jsiexecutor
    - React-perflogger
    - React-runtimescheduler
    - React-utils
    - SocketRocket (= 0.6.1)
    - Yoga
  - React-Core/RCTLinkingHeaders (0.73.8):
    - glog
    - hermes-engine
    - RCT-Folly (= 2022.05.16.00)
    - React-Core/Default
    - React-cxxreact
    - React-hermes
    - React-jsi
    - React-jsiexecutor
    - React-perflogger
    - React-runtimescheduler
    - React-utils
    - SocketRocket (= 0.6.1)
    - Yoga
  - React-Core/RCTNetworkHeaders (0.73.8):
    - glog
    - hermes-engine
    - RCT-Folly (= 2022.05.16.00)
    - React-Core/Default
    - React-cxxreact
    - React-hermes
    - React-jsi
    - React-jsiexecutor
    - React-perflogger
    - React-runtimescheduler
    - React-utils
    - SocketRocket (= 0.6.1)
    - Yoga
  - React-Core/RCTSettingsHeaders (0.73.8):
    - glog
    - hermes-engine
    - RCT-Folly (= 2022.05.16.00)
    - React-Core/Default
    - React-cxxreact
    - React-hermes
    - React-jsi
    - React-jsiexecutor
    - React-perflogger
    - React-runtimescheduler
    - React-utils
    - SocketRocket (= 0.6.1)
    - Yoga
  - React-Core/RCTTextHeaders (0.73.8):
    - glog
    - hermes-engine
    - RCT-Folly (= 2022.05.16.00)
    - React-Core/Default
    - React-cxxreact
    - React-hermes
    - React-jsi
    - React-jsiexecutor
    - React-perflogger
    - React-runtimescheduler
    - React-utils
    - SocketRocket (= 0.6.1)
    - Yoga
  - React-Core/RCTVibrationHeaders (0.73.8):
    - glog
    - hermes-engine
    - RCT-Folly (= 2022.05.16.00)
    - React-Core/Default
    - React-cxxreact
    - React-hermes
    - React-jsi
    - React-jsiexecutor
    - React-perflogger
    - React-runtimescheduler
    - React-utils
    - SocketRocket (= 0.6.1)
    - Yoga
  - React-Core/RCTWebSocket (0.73.8):
    - glog
    - hermes-engine
    - RCT-Folly (= 2022.05.16.00)
    - React-Core/Default (= 0.73.8)
    - React-cxxreact
    - React-hermes
    - React-jsi
    - React-jsiexecutor
    - React-perflogger
    - React-runtimescheduler
    - React-utils
    - SocketRocket (= 0.6.1)
    - Yoga
  - React-CoreModules (0.73.8):
    - RCT-Folly (= 2022.05.16.00)
    - RCTTypeSafety (= 0.73.8)
    - React-Codegen
    - React-Core/CoreModulesHeaders (= 0.73.8)
    - React-jsi (= 0.73.8)
    - React-NativeModulesApple
    - React-RCTBlob
    - React-RCTImage (= 0.73.8)
    - ReactCommon
    - SocketRocket (= 0.6.1)
  - React-cxxreact (0.73.8):
    - boost (= 1.83.0)
    - DoubleConversion
    - fmt (~> 6.2.1)
    - glog
    - hermes-engine
    - RCT-Folly (= 2022.05.16.00)
    - React-callinvoker (= 0.73.8)
    - React-debug (= 0.73.8)
    - React-jsi (= 0.73.8)
    - React-jsinspector (= 0.73.8)
    - React-logger (= 0.73.8)
    - React-perflogger (= 0.73.8)
    - React-runtimeexecutor (= 0.73.8)
  - React-debug (0.73.8)
  - React-Fabric (0.73.8):
    - DoubleConversion
    - fmt (~> 6.2.1)
    - glog
    - hermes-engine
    - RCT-Folly/Fabric (= 2022.05.16.00)
    - RCTRequired
    - RCTTypeSafety
    - React-Core
    - React-cxxreact
    - React-debug
    - React-Fabric/animations (= 0.73.8)
    - React-Fabric/attributedstring (= 0.73.8)
    - React-Fabric/componentregistry (= 0.73.8)
    - React-Fabric/componentregistrynative (= 0.73.8)
    - React-Fabric/components (= 0.73.8)
    - React-Fabric/core (= 0.73.8)
    - React-Fabric/imagemanager (= 0.73.8)
    - React-Fabric/leakchecker (= 0.73.8)
    - React-Fabric/mounting (= 0.73.8)
    - React-Fabric/scheduler (= 0.73.8)
    - React-Fabric/telemetry (= 0.73.8)
    - React-Fabric/templateprocessor (= 0.73.8)
    - React-Fabric/textlayoutmanager (= 0.73.8)
    - React-Fabric/uimanager (= 0.73.8)
    - React-graphics
    - React-jsi
    - React-jsiexecutor
    - React-logger
    - React-rendererdebug
    - React-runtimescheduler
    - React-utils
    - ReactCommon/turbomodule/core
  - React-Fabric/animations (0.73.8):
    - DoubleConversion
    - fmt (~> 6.2.1)
    - glog
    - hermes-engine
    - RCT-Folly/Fabric (= 2022.05.16.00)
    - RCTRequired
    - RCTTypeSafety
    - React-Core
    - React-cxxreact
    - React-debug
    - React-graphics
    - React-jsi
    - React-jsiexecutor
    - React-logger
    - React-rendererdebug
    - React-runtimescheduler
    - React-utils
    - ReactCommon/turbomodule/core
  - React-Fabric/attributedstring (0.73.8):
    - DoubleConversion
    - fmt (~> 6.2.1)
    - glog
    - hermes-engine
    - RCT-Folly/Fabric (= 2022.05.16.00)
    - RCTRequired
    - RCTTypeSafety
    - React-Core
    - React-cxxreact
    - React-debug
    - React-graphics
    - React-jsi
    - React-jsiexecutor
    - React-logger
    - React-rendererdebug
    - React-runtimescheduler
    - React-utils
    - ReactCommon/turbomodule/core
  - React-Fabric/componentregistry (0.73.8):
    - DoubleConversion
    - fmt (~> 6.2.1)
    - glog
    - hermes-engine
    - RCT-Folly/Fabric (= 2022.05.16.00)
    - RCTRequired
    - RCTTypeSafety
    - React-Core
    - React-cxxreact
    - React-debug
    - React-graphics
    - React-jsi
    - React-jsiexecutor
    - React-logger
    - React-rendererdebug
    - React-runtimescheduler
    - React-utils
    - ReactCommon/turbomodule/core
  - React-Fabric/componentregistrynative (0.73.8):
    - DoubleConversion
    - fmt (~> 6.2.1)
    - glog
    - hermes-engine
    - RCT-Folly/Fabric (= 2022.05.16.00)
    - RCTRequired
    - RCTTypeSafety
    - React-Core
    - React-cxxreact
    - React-debug
    - React-graphics
    - React-jsi
    - React-jsiexecutor
    - React-logger
    - React-rendererdebug
    - React-runtimescheduler
    - React-utils
    - ReactCommon/turbomodule/core
  - React-Fabric/components (0.73.8):
    - DoubleConversion
    - fmt (~> 6.2.1)
    - glog
    - hermes-engine
    - RCT-Folly/Fabric (= 2022.05.16.00)
    - RCTRequired
    - RCTTypeSafety
    - React-Core
    - React-cxxreact
    - React-debug
    - React-Fabric/components/inputaccessory (= 0.73.8)
    - React-Fabric/components/legacyviewmanagerinterop (= 0.73.8)
    - React-Fabric/components/modal (= 0.73.8)
    - React-Fabric/components/rncore (= 0.73.8)
    - React-Fabric/components/root (= 0.73.8)
    - React-Fabric/components/safeareaview (= 0.73.8)
    - React-Fabric/components/scrollview (= 0.73.8)
    - React-Fabric/components/text (= 0.73.8)
    - React-Fabric/components/textinput (= 0.73.8)
    - React-Fabric/components/unimplementedview (= 0.73.8)
    - React-Fabric/components/view (= 0.73.8)
    - React-graphics
    - React-jsi
    - React-jsiexecutor
    - React-logger
    - React-rendererdebug
    - React-runtimescheduler
    - React-utils
    - ReactCommon/turbomodule/core
  - React-Fabric/components/inputaccessory (0.73.8):
    - DoubleConversion
    - fmt (~> 6.2.1)
    - glog
    - hermes-engine
    - RCT-Folly/Fabric (= 2022.05.16.00)
    - RCTRequired
    - RCTTypeSafety
    - React-Core
    - React-cxxreact
    - React-debug
    - React-graphics
    - React-jsi
    - React-jsiexecutor
    - React-logger
    - React-rendererdebug
    - React-runtimescheduler
    - React-utils
    - ReactCommon/turbomodule/core
  - React-Fabric/components/legacyviewmanagerinterop (0.73.8):
    - DoubleConversion
    - fmt (~> 6.2.1)
    - glog
    - hermes-engine
    - RCT-Folly/Fabric (= 2022.05.16.00)
    - RCTRequired
    - RCTTypeSafety
    - React-Core
    - React-cxxreact
    - React-debug
    - React-graphics
    - React-jsi
    - React-jsiexecutor
    - React-logger
    - React-rendererdebug
    - React-runtimescheduler
    - React-utils
    - ReactCommon/turbomodule/core
  - React-Fabric/components/modal (0.73.8):
    - DoubleConversion
    - fmt (~> 6.2.1)
    - glog
    - hermes-engine
    - RCT-Folly/Fabric (= 2022.05.16.00)
    - RCTRequired
    - RCTTypeSafety
    - React-Core
    - React-cxxreact
    - React-debug
    - React-graphics
    - React-jsi
    - React-jsiexecutor
    - React-logger
    - React-rendererdebug
    - React-runtimescheduler
    - React-utils
    - ReactCommon/turbomodule/core
  - React-Fabric/components/rncore (0.73.8):
    - DoubleConversion
    - fmt (~> 6.2.1)
    - glog
    - hermes-engine
    - RCT-Folly/Fabric (= 2022.05.16.00)
    - RCTRequired
    - RCTTypeSafety
    - React-Core
    - React-cxxreact
    - React-debug
    - React-graphics
    - React-jsi
    - React-jsiexecutor
    - React-logger
    - React-rendererdebug
    - React-runtimescheduler
    - React-utils
    - ReactCommon/turbomodule/core
  - React-Fabric/components/root (0.73.8):
    - DoubleConversion
    - fmt (~> 6.2.1)
    - glog
    - hermes-engine
    - RCT-Folly/Fabric (= 2022.05.16.00)
    - RCTRequired
    - RCTTypeSafety
    - React-Core
    - React-cxxreact
    - React-debug
    - React-graphics
    - React-jsi
    - React-jsiexecutor
    - React-logger
    - React-rendererdebug
    - React-runtimescheduler
    - React-utils
    - ReactCommon/turbomodule/core
  - React-Fabric/components/safeareaview (0.73.8):
    - DoubleConversion
    - fmt (~> 6.2.1)
    - glog
    - hermes-engine
    - RCT-Folly/Fabric (= 2022.05.16.00)
    - RCTRequired
    - RCTTypeSafety
    - React-Core
    - React-cxxreact
    - React-debug
    - React-graphics
    - React-jsi
    - React-jsiexecutor
    - React-logger
    - React-rendererdebug
    - React-runtimescheduler
    - React-utils
    - ReactCommon/turbomodule/core
  - React-Fabric/components/scrollview (0.73.8):
    - DoubleConversion
    - fmt (~> 6.2.1)
    - glog
    - hermes-engine
    - RCT-Folly/Fabric (= 2022.05.16.00)
    - RCTRequired
    - RCTTypeSafety
    - React-Core
    - React-cxxreact
    - React-debug
    - React-graphics
    - React-jsi
    - React-jsiexecutor
    - React-logger
    - React-rendererdebug
    - React-runtimescheduler
    - React-utils
    - ReactCommon/turbomodule/core
  - React-Fabric/components/text (0.73.8):
    - DoubleConversion
    - fmt (~> 6.2.1)
    - glog
    - hermes-engine
    - RCT-Folly/Fabric (= 2022.05.16.00)
    - RCTRequired
    - RCTTypeSafety
    - React-Core
    - React-cxxreact
    - React-debug
    - React-graphics
    - React-jsi
    - React-jsiexecutor
    - React-logger
    - React-rendererdebug
    - React-runtimescheduler
    - React-utils
    - ReactCommon/turbomodule/core
  - React-Fabric/components/textinput (0.73.8):
    - DoubleConversion
    - fmt (~> 6.2.1)
    - glog
    - hermes-engine
    - RCT-Folly/Fabric (= 2022.05.16.00)
    - RCTRequired
    - RCTTypeSafety
    - React-Core
    - React-cxxreact
    - React-debug
    - React-graphics
    - React-jsi
    - React-jsiexecutor
    - React-logger
    - React-rendererdebug
    - React-runtimescheduler
    - React-utils
    - ReactCommon/turbomodule/core
  - React-Fabric/components/unimplementedview (0.73.8):
    - DoubleConversion
    - fmt (~> 6.2.1)
    - glog
    - hermes-engine
    - RCT-Folly/Fabric (= 2022.05.16.00)
    - RCTRequired
    - RCTTypeSafety
    - React-Core
    - React-cxxreact
    - React-debug
    - React-graphics
    - React-jsi
    - React-jsiexecutor
    - React-logger
    - React-rendererdebug
    - React-runtimescheduler
    - React-utils
    - ReactCommon/turbomodule/core
  - React-Fabric/components/view (0.73.8):
    - DoubleConversion
    - fmt (~> 6.2.1)
    - glog
    - hermes-engine
    - RCT-Folly/Fabric (= 2022.05.16.00)
    - RCTRequired
    - RCTTypeSafety
    - React-Core
    - React-cxxreact
    - React-debug
    - React-graphics
    - React-jsi
    - React-jsiexecutor
    - React-logger
    - React-rendererdebug
    - React-runtimescheduler
    - React-utils
    - ReactCommon/turbomodule/core
    - Yoga
  - React-Fabric/core (0.73.8):
    - DoubleConversion
    - fmt (~> 6.2.1)
    - glog
    - hermes-engine
    - RCT-Folly/Fabric (= 2022.05.16.00)
    - RCTRequired
    - RCTTypeSafety
    - React-Core
    - React-cxxreact
    - React-debug
    - React-graphics
    - React-jsi
    - React-jsiexecutor
    - React-logger
    - React-rendererdebug
    - React-runtimescheduler
    - React-utils
    - ReactCommon/turbomodule/core
  - React-Fabric/imagemanager (0.73.8):
    - DoubleConversion
    - fmt (~> 6.2.1)
    - glog
    - hermes-engine
    - RCT-Folly/Fabric (= 2022.05.16.00)
    - RCTRequired
    - RCTTypeSafety
    - React-Core
    - React-cxxreact
    - React-debug
    - React-graphics
    - React-jsi
    - React-jsiexecutor
    - React-logger
    - React-rendererdebug
    - React-runtimescheduler
    - React-utils
    - ReactCommon/turbomodule/core
  - React-Fabric/leakchecker (0.73.8):
    - DoubleConversion
    - fmt (~> 6.2.1)
    - glog
    - hermes-engine
    - RCT-Folly/Fabric (= 2022.05.16.00)
    - RCTRequired
    - RCTTypeSafety
    - React-Core
    - React-cxxreact
    - React-debug
    - React-graphics
    - React-jsi
    - React-jsiexecutor
    - React-logger
    - React-rendererdebug
    - React-runtimescheduler
    - React-utils
    - ReactCommon/turbomodule/core
  - React-Fabric/mounting (0.73.8):
    - DoubleConversion
    - fmt (~> 6.2.1)
    - glog
    - hermes-engine
    - RCT-Folly/Fabric (= 2022.05.16.00)
    - RCTRequired
    - RCTTypeSafety
    - React-Core
    - React-cxxreact
    - React-debug
    - React-graphics
    - React-jsi
    - React-jsiexecutor
    - React-logger
    - React-rendererdebug
    - React-runtimescheduler
    - React-utils
    - ReactCommon/turbomodule/core
  - React-Fabric/scheduler (0.73.8):
    - DoubleConversion
    - fmt (~> 6.2.1)
    - glog
    - hermes-engine
    - RCT-Folly/Fabric (= 2022.05.16.00)
    - RCTRequired
    - RCTTypeSafety
    - React-Core
    - React-cxxreact
    - React-debug
    - React-graphics
    - React-jsi
    - React-jsiexecutor
    - React-logger
    - React-rendererdebug
    - React-runtimescheduler
    - React-utils
    - ReactCommon/turbomodule/core
  - React-Fabric/telemetry (0.73.8):
    - DoubleConversion
    - fmt (~> 6.2.1)
    - glog
    - hermes-engine
    - RCT-Folly/Fabric (= 2022.05.16.00)
    - RCTRequired
    - RCTTypeSafety
    - React-Core
    - React-cxxreact
    - React-debug
    - React-graphics
    - React-jsi
    - React-jsiexecutor
    - React-logger
    - React-rendererdebug
    - React-runtimescheduler
    - React-utils
    - ReactCommon/turbomodule/core
  - React-Fabric/templateprocessor (0.73.8):
    - DoubleConversion
    - fmt (~> 6.2.1)
    - glog
    - hermes-engine
    - RCT-Folly/Fabric (= 2022.05.16.00)
    - RCTRequired
    - RCTTypeSafety
    - React-Core
    - React-cxxreact
    - React-debug
    - React-graphics
    - React-jsi
    - React-jsiexecutor
    - React-logger
    - React-rendererdebug
    - React-runtimescheduler
    - React-utils
    - ReactCommon/turbomodule/core
  - React-Fabric/textlayoutmanager (0.73.8):
    - DoubleConversion
    - fmt (~> 6.2.1)
    - glog
    - hermes-engine
    - RCT-Folly/Fabric (= 2022.05.16.00)
    - RCTRequired
    - RCTTypeSafety
    - React-Core
    - React-cxxreact
    - React-debug
    - React-Fabric/uimanager
    - React-graphics
    - React-jsi
    - React-jsiexecutor
    - React-logger
    - React-rendererdebug
    - React-runtimescheduler
    - React-utils
    - ReactCommon/turbomodule/core
  - React-Fabric/uimanager (0.73.8):
    - DoubleConversion
    - fmt (~> 6.2.1)
    - glog
    - hermes-engine
    - RCT-Folly/Fabric (= 2022.05.16.00)
    - RCTRequired
    - RCTTypeSafety
    - React-Core
    - React-cxxreact
    - React-debug
    - React-graphics
    - React-jsi
    - React-jsiexecutor
    - React-logger
    - React-rendererdebug
    - React-runtimescheduler
    - React-utils
    - ReactCommon/turbomodule/core
  - React-FabricImage (0.73.8):
    - DoubleConversion
    - fmt (~> 6.2.1)
    - glog
    - hermes-engine
    - RCT-Folly/Fabric (= 2022.05.16.00)
    - RCTRequired (= 0.73.8)
    - RCTTypeSafety (= 0.73.8)
    - React-Fabric
    - React-graphics
    - React-ImageManager
    - React-jsi
    - React-jsiexecutor (= 0.73.8)
    - React-logger
    - React-rendererdebug
    - React-utils
    - ReactCommon
    - Yoga
  - React-graphics (0.73.8):
    - glog
    - RCT-Folly/Fabric (= 2022.05.16.00)
    - React-Core/Default (= 0.73.8)
    - React-utils
  - React-hermes (0.73.8):
    - DoubleConversion
    - fmt (~> 6.2.1)
    - glog
    - hermes-engine
    - RCT-Folly (= 2022.05.16.00)
    - RCT-Folly/Futures (= 2022.05.16.00)
    - React-cxxreact (= 0.73.8)
    - React-jsi
    - React-jsiexecutor (= 0.73.8)
    - React-jsinspector (= 0.73.8)
    - React-perflogger (= 0.73.8)
  - React-ImageManager (0.73.8):
    - glog
    - RCT-Folly/Fabric
    - React-Core/Default
    - React-debug
    - React-Fabric
    - React-graphics
    - React-rendererdebug
    - React-utils
  - React-jserrorhandler (0.73.8):
    - RCT-Folly/Fabric (= 2022.05.16.00)
    - React-debug
    - React-jsi
    - React-Mapbuffer
  - React-jsi (0.73.8):
    - boost (= 1.83.0)
    - DoubleConversion
    - fmt (~> 6.2.1)
    - glog
    - hermes-engine
    - RCT-Folly (= 2022.05.16.00)
  - React-jsiexecutor (0.73.8):
    - DoubleConversion
    - fmt (~> 6.2.1)
    - glog
    - hermes-engine
    - RCT-Folly (= 2022.05.16.00)
    - React-cxxreact (= 0.73.8)
    - React-jsi (= 0.73.8)
    - React-perflogger (= 0.73.8)
  - React-jsinspector (0.73.8)
  - React-logger (0.73.8):
    - glog
  - React-Mapbuffer (0.73.8):
    - glog
    - React-debug
  - react-native-get-random-values (1.11.0):
    - React-Core
  - react-native-netinfo (11.3.1):
    - React-Core
  - react-native-safe-area-context (4.8.2):
    - React-Core
  - React-nativeconfig (0.73.8)
  - React-NativeModulesApple (0.73.8):
    - glog
    - hermes-engine
    - React-callinvoker
    - React-Core
    - React-cxxreact
    - React-jsi
    - React-runtimeexecutor
    - ReactCommon/turbomodule/bridging
    - ReactCommon/turbomodule/core
  - React-perflogger (0.73.8)
  - React-RCTActionSheet (0.73.8):
    - React-Core/RCTActionSheetHeaders (= 0.73.8)
  - React-RCTAnimation (0.73.8):
    - RCT-Folly (= 2022.05.16.00)
    - RCTTypeSafety
    - React-Codegen
    - React-Core/RCTAnimationHeaders
    - React-jsi
    - React-NativeModulesApple
    - ReactCommon
  - React-RCTAppDelegate (0.73.8):
    - RCT-Folly
    - RCTRequired
    - RCTTypeSafety
    - React-Core
    - React-CoreModules
    - React-hermes
    - React-nativeconfig
    - React-NativeModulesApple
    - React-RCTFabric
    - React-RCTImage
    - React-RCTNetwork
    - React-runtimescheduler
    - ReactCommon
  - React-RCTBlob (0.73.8):
    - hermes-engine
    - RCT-Folly (= 2022.05.16.00)
    - React-Codegen
    - React-Core/RCTBlobHeaders
    - React-Core/RCTWebSocket
    - React-jsi
    - React-NativeModulesApple
    - React-RCTNetwork
    - ReactCommon
  - React-RCTFabric (0.73.8):
    - glog
    - hermes-engine
    - RCT-Folly/Fabric (= 2022.05.16.00)
    - React-Core
    - React-debug
    - React-Fabric
    - React-FabricImage
    - React-graphics
    - React-ImageManager
    - React-jsi
    - React-nativeconfig
    - React-RCTImage
    - React-RCTText
    - React-rendererdebug
    - React-runtimescheduler
    - React-utils
    - Yoga
  - React-RCTImage (0.73.8):
    - RCT-Folly (= 2022.05.16.00)
    - RCTTypeSafety
    - React-Codegen
    - React-Core/RCTImageHeaders
    - React-jsi
    - React-NativeModulesApple
    - React-RCTNetwork
    - ReactCommon
  - React-RCTLinking (0.73.8):
    - React-Codegen
    - React-Core/RCTLinkingHeaders (= 0.73.8)
    - React-jsi (= 0.73.8)
    - React-NativeModulesApple
    - ReactCommon
    - ReactCommon/turbomodule/core (= 0.73.8)
  - React-RCTNetwork (0.73.8):
    - RCT-Folly (= 2022.05.16.00)
    - RCTTypeSafety
    - React-Codegen
    - React-Core/RCTNetworkHeaders
    - React-jsi
    - React-NativeModulesApple
    - ReactCommon
  - React-RCTSettings (0.73.8):
    - RCT-Folly (= 2022.05.16.00)
    - RCTTypeSafety
    - React-Codegen
    - React-Core/RCTSettingsHeaders
    - React-jsi
    - React-NativeModulesApple
    - ReactCommon
  - React-RCTText (0.73.8):
    - React-Core/RCTTextHeaders (= 0.73.8)
    - Yoga
  - React-RCTVibration (0.73.8):
    - RCT-Folly (= 2022.05.16.00)
    - React-Codegen
    - React-Core/RCTVibrationHeaders
    - React-jsi
    - React-NativeModulesApple
    - ReactCommon
  - React-rendererdebug (0.73.8):
    - DoubleConversion
    - fmt (~> 6.2.1)
    - RCT-Folly (= 2022.05.16.00)
    - React-debug
  - React-rncore (0.73.8)
  - React-runtimeexecutor (0.73.8):
    - React-jsi (= 0.73.8)
  - React-runtimescheduler (0.73.8):
    - glog
    - hermes-engine
    - RCT-Folly (= 2022.05.16.00)
    - React-callinvoker
    - React-cxxreact
    - React-debug
    - React-jsi
    - React-rendererdebug
    - React-runtimeexecutor
    - React-utils
  - React-utils (0.73.8):
    - glog
    - RCT-Folly (= 2022.05.16.00)
    - React-debug
  - ReactCommon (0.73.8):
    - React-logger (= 0.73.8)
    - ReactCommon/turbomodule (= 0.73.8)
  - ReactCommon/turbomodule (0.73.8):
    - DoubleConversion
    - fmt (~> 6.2.1)
    - glog
    - hermes-engine
    - RCT-Folly (= 2022.05.16.00)
    - React-callinvoker (= 0.73.8)
    - React-cxxreact (= 0.73.8)
    - React-jsi (= 0.73.8)
    - React-logger (= 0.73.8)
    - React-perflogger (= 0.73.8)
    - ReactCommon/turbomodule/bridging (= 0.73.8)
    - ReactCommon/turbomodule/core (= 0.73.8)
  - ReactCommon/turbomodule/bridging (0.73.8):
    - DoubleConversion
    - fmt (~> 6.2.1)
    - glog
    - hermes-engine
    - RCT-Folly (= 2022.05.16.00)
    - React-callinvoker (= 0.73.8)
    - React-cxxreact (= 0.73.8)
    - React-jsi (= 0.73.8)
    - React-logger (= 0.73.8)
    - React-perflogger (= 0.73.8)
  - ReactCommon/turbomodule/core (0.73.8):
    - DoubleConversion
    - fmt (~> 6.2.1)
    - glog
    - hermes-engine
    - RCT-Folly (= 2022.05.16.00)
    - React-callinvoker (= 0.73.8)
    - React-cxxreact (= 0.73.8)
    - React-jsi (= 0.73.8)
    - React-logger (= 0.73.8)
    - React-perflogger (= 0.73.8)
  - RNCAsyncStorage (1.21.0):
    - React-Core
  - RNGestureHandler (2.14.1):
    - glog
    - RCT-Folly (= 2022.05.16.00)
    - React-Core
  - RNReanimated (3.6.3):
    - glog
    - RCT-Folly (= 2022.05.16.00)
    - React-Core
    - ReactCommon/turbomodule/core
  - RNScreens (3.29.0):
    - glog
    - RCT-Folly (= 2022.05.16.00)
    - React-Core
  - RNVectorIcons (10.1.0):
    - glog
    - RCT-Folly (= 2022.05.16.00)
    - React-Core
  - SocketRocket (0.6.1)
  - Yoga (1.14.0)

DEPENDENCIES:
  - "AmplifyRTNCore (from `../node_modules/@aws-amplify/react-native`)"
  - boost (from `../node_modules/react-native/third-party-podspecs/boost.podspec`)
  - DoubleConversion (from `../node_modules/react-native/third-party-podspecs/DoubleConversion.podspec`)
  - EXConstants (from `../node_modules/expo-constants/ios`)
  - EXFont (from `../node_modules/expo-font/ios`)
  - EXJSONUtils (from `../node_modules/expo-json-utils/ios`)
  - EXManifests (from `../node_modules/expo-manifests/ios`)
  - Expo (from `../node_modules/expo`)
  - expo-dev-client (from `../node_modules/expo-dev-client/ios`)
  - expo-dev-launcher (from `../node_modules/expo-dev-launcher`)
  - expo-dev-menu (from `../node_modules/expo-dev-menu`)
  - expo-dev-menu-interface (from `../node_modules/expo-dev-menu-interface/ios`)
  - ExpoClipboard (from `../node_modules/expo-clipboard/ios`)
  - ExpoFileSystem (from `../node_modules/expo-file-system/ios`)
  - ExpoHead (from `../node_modules/expo-router/ios`)
  - ExpoKeepAwake (from `../node_modules/expo-keep-awake/ios`)
  - ExpoLocalization (from `../node_modules/expo-localization/ios`)
  - ExpoModulesCore (from `../node_modules/expo-modules-core`)
  - ExpoSystemUI (from `../node_modules/expo-system-ui/ios`)
  - EXSplashScreen (from `../node_modules/expo-splash-screen/ios`)
  - EXUpdatesInterface (from `../node_modules/expo-updates-interface/ios`)
  - FBLazyVector (from `../node_modules/react-native/Libraries/FBLazyVector`)
  - FBReactNativeSpec (from `../node_modules/react-native/React/FBReactNativeSpec`)
  - glog (from `../node_modules/react-native/third-party-podspecs/glog.podspec`)
  - hermes-engine (from `../node_modules/react-native/sdks/hermes-engine/hermes-engine.podspec`)
  - libevent (~> 2.1.12)
  - lottie-react-native (from `../node_modules/lottie-react-native`)
  - RCT-Folly (from `../node_modules/react-native/third-party-podspecs/RCT-Folly.podspec`)
  - RCT-Folly/Fabric (from `../node_modules/react-native/third-party-podspecs/RCT-Folly.podspec`)
  - RCTRequired (from `../node_modules/react-native/Libraries/RCTRequired`)
  - RCTTypeSafety (from `../node_modules/react-native/Libraries/TypeSafety`)
  - React (from `../node_modules/react-native/`)
  - React-callinvoker (from `../node_modules/react-native/ReactCommon/callinvoker`)
  - React-Codegen (from `build/generated/ios`)
  - React-Core (from `../node_modules/react-native/`)
  - React-Core/RCTWebSocket (from `../node_modules/react-native/`)
  - React-CoreModules (from `../node_modules/react-native/React/CoreModules`)
  - React-cxxreact (from `../node_modules/react-native/ReactCommon/cxxreact`)
  - React-debug (from `../node_modules/react-native/ReactCommon/react/debug`)
  - React-Fabric (from `../node_modules/react-native/ReactCommon`)
  - React-FabricImage (from `../node_modules/react-native/ReactCommon`)
  - React-graphics (from `../node_modules/react-native/ReactCommon/react/renderer/graphics`)
  - React-hermes (from `../node_modules/react-native/ReactCommon/hermes`)
  - React-ImageManager (from `../node_modules/react-native/ReactCommon/react/renderer/imagemanager/platform/ios`)
  - React-jserrorhandler (from `../node_modules/react-native/ReactCommon/jserrorhandler`)
  - React-jsi (from `../node_modules/react-native/ReactCommon/jsi`)
  - React-jsiexecutor (from `../node_modules/react-native/ReactCommon/jsiexecutor`)
  - React-jsinspector (from `../node_modules/react-native/ReactCommon/jsinspector-modern`)
  - React-logger (from `../node_modules/react-native/ReactCommon/logger`)
  - React-Mapbuffer (from `../node_modules/react-native/ReactCommon`)
  - react-native-get-random-values (from `../node_modules/react-native-get-random-values`)
  - "react-native-netinfo (from `../node_modules/@react-native-community/netinfo`)"
  - react-native-safe-area-context (from `../node_modules/react-native-safe-area-context`)
  - React-nativeconfig (from `../node_modules/react-native/ReactCommon`)
  - React-NativeModulesApple (from `../node_modules/react-native/ReactCommon/react/nativemodule/core/platform/ios`)
  - React-perflogger (from `../node_modules/react-native/ReactCommon/reactperflogger`)
  - React-RCTActionSheet (from `../node_modules/react-native/Libraries/ActionSheetIOS`)
  - React-RCTAnimation (from `../node_modules/react-native/Libraries/NativeAnimation`)
  - React-RCTAppDelegate (from `../node_modules/react-native/Libraries/AppDelegate`)
  - React-RCTBlob (from `../node_modules/react-native/Libraries/Blob`)
  - React-RCTFabric (from `../node_modules/react-native/React`)
  - React-RCTImage (from `../node_modules/react-native/Libraries/Image`)
  - React-RCTLinking (from `../node_modules/react-native/Libraries/LinkingIOS`)
  - React-RCTNetwork (from `../node_modules/react-native/Libraries/Network`)
  - React-RCTSettings (from `../node_modules/react-native/Libraries/Settings`)
  - React-RCTText (from `../node_modules/react-native/Libraries/Text`)
  - React-RCTVibration (from `../node_modules/react-native/Libraries/Vibration`)
  - React-rendererdebug (from `../node_modules/react-native/ReactCommon/react/renderer/debug`)
  - React-rncore (from `../node_modules/react-native/ReactCommon`)
  - React-runtimeexecutor (from `../node_modules/react-native/ReactCommon/runtimeexecutor`)
  - React-runtimescheduler (from `../node_modules/react-native/ReactCommon/react/renderer/runtimescheduler`)
  - React-utils (from `../node_modules/react-native/ReactCommon/react/utils`)
  - ReactCommon/turbomodule/core (from `../node_modules/react-native/ReactCommon`)
  - "RNCAsyncStorage (from `../node_modules/@react-native-async-storage/async-storage`)"
  - RNGestureHandler (from `../node_modules/react-native-gesture-handler`)
  - RNReanimated (from `../node_modules/react-native-reanimated`)
  - RNScreens (from `../node_modules/react-native-screens`)
  - RNVectorIcons (from `../node_modules/react-native-vector-icons`)
  - Yoga (from `../node_modules/react-native/ReactCommon/yoga`)

SPEC REPOS:
  trunk:
    - fmt
    - libevent
    - lottie-ios
    - SocketRocket

EXTERNAL SOURCES:
  AmplifyRTNCore:
    :path: "../node_modules/@aws-amplify/react-native"
  boost:
    :podspec: "../node_modules/react-native/third-party-podspecs/boost.podspec"
  DoubleConversion:
    :podspec: "../node_modules/react-native/third-party-podspecs/DoubleConversion.podspec"
  EXConstants:
    :path: "../node_modules/expo-constants/ios"
  EXFont:
    :path: "../node_modules/expo-font/ios"
  EXJSONUtils:
    :path: "../node_modules/expo-json-utils/ios"
  EXManifests:
    :path: "../node_modules/expo-manifests/ios"
  Expo:
    :path: "../node_modules/expo"
  expo-dev-client:
    :path: "../node_modules/expo-dev-client/ios"
  expo-dev-launcher:
    :path: "../node_modules/expo-dev-launcher"
  expo-dev-menu:
    :path: "../node_modules/expo-dev-menu"
  expo-dev-menu-interface:
    :path: "../node_modules/expo-dev-menu-interface/ios"
  ExpoClipboard:
    :path: "../node_modules/expo-clipboard/ios"
  ExpoFileSystem:
    :path: "../node_modules/expo-file-system/ios"
  ExpoHead:
    :path: "../node_modules/expo-router/ios"
  ExpoKeepAwake:
    :path: "../node_modules/expo-keep-awake/ios"
  ExpoLocalization:
    :path: "../node_modules/expo-localization/ios"
  ExpoModulesCore:
    :path: "../node_modules/expo-modules-core"
  ExpoSystemUI:
    :path: "../node_modules/expo-system-ui/ios"
  EXSplashScreen:
    :path: "../node_modules/expo-splash-screen/ios"
  EXUpdatesInterface:
    :path: "../node_modules/expo-updates-interface/ios"
  FBLazyVector:
    :path: "../node_modules/react-native/Libraries/FBLazyVector"
  FBReactNativeSpec:
    :path: "../node_modules/react-native/React/FBReactNativeSpec"
  glog:
    :podspec: "../node_modules/react-native/third-party-podspecs/glog.podspec"
  hermes-engine:
    :podspec: "../node_modules/react-native/sdks/hermes-engine/hermes-engine.podspec"
    :tag: hermes-2024-04-29-RNv0.73.8-644c8be78af1eae7c138fa4093fb87f0f4f8db85
  lottie-react-native:
    :path: "../node_modules/lottie-react-native"
  RCT-Folly:
    :podspec: "../node_modules/react-native/third-party-podspecs/RCT-Folly.podspec"
  RCTRequired:
    :path: "../node_modules/react-native/Libraries/RCTRequired"
  RCTTypeSafety:
    :path: "../node_modules/react-native/Libraries/TypeSafety"
  React:
    :path: "../node_modules/react-native/"
  React-callinvoker:
    :path: "../node_modules/react-native/ReactCommon/callinvoker"
  React-Codegen:
    :path: build/generated/ios
  React-Core:
    :path: "../node_modules/react-native/"
  React-CoreModules:
    :path: "../node_modules/react-native/React/CoreModules"
  React-cxxreact:
    :path: "../node_modules/react-native/ReactCommon/cxxreact"
  React-debug:
    :path: "../node_modules/react-native/ReactCommon/react/debug"
  React-Fabric:
    :path: "../node_modules/react-native/ReactCommon"
  React-FabricImage:
    :path: "../node_modules/react-native/ReactCommon"
  React-graphics:
    :path: "../node_modules/react-native/ReactCommon/react/renderer/graphics"
  React-hermes:
    :path: "../node_modules/react-native/ReactCommon/hermes"
  React-ImageManager:
    :path: "../node_modules/react-native/ReactCommon/react/renderer/imagemanager/platform/ios"
  React-jserrorhandler:
    :path: "../node_modules/react-native/ReactCommon/jserrorhandler"
  React-jsi:
    :path: "../node_modules/react-native/ReactCommon/jsi"
  React-jsiexecutor:
    :path: "../node_modules/react-native/ReactCommon/jsiexecutor"
  React-jsinspector:
    :path: "../node_modules/react-native/ReactCommon/jsinspector-modern"
  React-logger:
    :path: "../node_modules/react-native/ReactCommon/logger"
  React-Mapbuffer:
    :path: "../node_modules/react-native/ReactCommon"
  react-native-get-random-values:
    :path: "../node_modules/react-native-get-random-values"
  react-native-netinfo:
    :path: "../node_modules/@react-native-community/netinfo"
  react-native-safe-area-context:
    :path: "../node_modules/react-native-safe-area-context"
  React-nativeconfig:
    :path: "../node_modules/react-native/ReactCommon"
  React-NativeModulesApple:
    :path: "../node_modules/react-native/ReactCommon/react/nativemodule/core/platform/ios"
  React-perflogger:
    :path: "../node_modules/react-native/ReactCommon/reactperflogger"
  React-RCTActionSheet:
    :path: "../node_modules/react-native/Libraries/ActionSheetIOS"
  React-RCTAnimation:
    :path: "../node_modules/react-native/Libraries/NativeAnimation"
  React-RCTAppDelegate:
    :path: "../node_modules/react-native/Libraries/AppDelegate"
  React-RCTBlob:
    :path: "../node_modules/react-native/Libraries/Blob"
  React-RCTFabric:
    :path: "../node_modules/react-native/React"
  React-RCTImage:
    :path: "../node_modules/react-native/Libraries/Image"
  React-RCTLinking:
    :path: "../node_modules/react-native/Libraries/LinkingIOS"
  React-RCTNetwork:
    :path: "../node_modules/react-native/Libraries/Network"
  React-RCTSettings:
    :path: "../node_modules/react-native/Libraries/Settings"
  React-RCTText:
    :path: "../node_modules/react-native/Libraries/Text"
  React-RCTVibration:
    :path: "../node_modules/react-native/Libraries/Vibration"
  React-rendererdebug:
    :path: "../node_modules/react-native/ReactCommon/react/renderer/debug"
  React-rncore:
    :path: "../node_modules/react-native/ReactCommon"
  React-runtimeexecutor:
    :path: "../node_modules/react-native/ReactCommon/runtimeexecutor"
  React-runtimescheduler:
    :path: "../node_modules/react-native/ReactCommon/react/renderer/runtimescheduler"
  React-utils:
    :path: "../node_modules/react-native/ReactCommon/react/utils"
  ReactCommon:
    :path: "../node_modules/react-native/ReactCommon"
  RNCAsyncStorage:
    :path: "../node_modules/@react-native-async-storage/async-storage"
  RNGestureHandler:
    :path: "../node_modules/react-native-gesture-handler"
  RNReanimated:
    :path: "../node_modules/react-native-reanimated"
  RNScreens:
    :path: "../node_modules/react-native-screens"
  RNVectorIcons:
    :path: "../node_modules/react-native-vector-icons"
  Yoga:
    :path: "../node_modules/react-native/ReactCommon/yoga"

SPEC CHECKSUMS:
  AmplifyRTNCore: a274cd13fb1bde5fdbad50aeb25b7b40776ec122
  boost: d3f49c53809116a5d38da093a8aa78bf551aed09
  DoubleConversion: fea03f2699887d960129cc54bba7e52542b6f953
  EXConstants: a5f6276e565d98f9eb4280f81241fc342d641590
  EXFont: f20669cb266ef48b004f1eb1f2b20db96cd1df9f
  EXJSONUtils: 5c42959e87be238b045ef37cc5268b16a6c0ad4a
  EXManifests: 5e8c29f36c716af768a4ea47ec05e1b89ab93091
  Expo: 2cdb5916749a1509cf88114f1f510bd458630eb4
  expo-dev-client: 29a32387346fe7b6d2a57918fae985bc48bfe9a2
  expo-dev-launcher: 957d62f7ec983d02091c97fca9ac73c115b54f77
  expo-dev-menu: 68ea53d923996e27b20ce02b51cc820fc2327a83
  expo-dev-menu-interface: 7ba029c9d1a82ac22b9b584c00514860b060553e
  ExpoClipboard: b597982124f067ff9f5b89093eb3d97898d5d877
  ExpoFileSystem: 74cc0fae916f9f044248433971dcfc8c3befd057
  ExpoHead: 89ffd324e60520751c2c285233fe45e875c91874
  ExpoKeepAwake: 0f5cad99603a3268e50af9a6eb8b76d0d9ac956c
  ExpoLocalization: f94759e55802e4a4f8b7d7cecb450de11b888721
  ExpoModulesCore: 370096473359f5f6aade0871400d063333747719
  ExpoSystemUI: 735278045c1a28de0018a300bb5abb3f9090652b
  EXSplashScreen: 0fabdcf746d29e7f8b8969879cb09125cdd365d2
  EXUpdatesInterface: 3e444e2093e25b7ca0999a7d8c16e8392dee70c3
  FBLazyVector: df34a309e356a77581809834f6ec3fbe7153f620
  FBReactNativeSpec: bbe8b686178e5ce03d1d8a356789f211f91f31b8
  fmt: ff9d55029c625d3757ed641535fd4a75fedc7ce9
  glog: 035f1e36e53b355cf70f6434d161b36e7d21fecd
  hermes-engine: b12d9bb1b7cee546f5e48212e7ea7e3c1665a367
  libevent: 4049cae6c81cdb3654a443be001fb9bdceff7913
  lottie-ios: 3d98679b41fa6fd6aff2352b3953dbd3df8a397e
  lottie-react-native: 8b5721400977e2dde148ca23efcf48e668940dbc
  RCT-Folly: 7169b2b1c44399c76a47b5deaaba715eeeb476c0
  RCTRequired: 0c7f03a41ee32dec802c74c341e317a4165973d5
  RCTTypeSafety: 57698bb7fcde424922e201dab377f496a08a63e3
  React: 64c0c83924460a3d34fa5857ca2fd3ed2a69b581
  React-callinvoker: c0129cd7b8babac64b3d3515e72a8b2e743d261e
  React-Codegen: caf0c378d10ad8eaf0df4ad703e52b0092b12fe1
  React-Core: 607dac2a3cc5962c3d9612d79907ac28296c3f13
  React-CoreModules: af9d2eca18c26b319157df21d5ea9eef7d5d4ad2
  React-cxxreact: 91453f3e345b7c7b9286a9b3a04d01d402f7aa5a
  React-debug: d5fb540b62f21497e4540be4158a1b555d3f4505
  React-Fabric: 11d615dc6c8368d445bcf4d53adf4fa43f2a2a9b
  React-FabricImage: c8431a0f4aed20d1baa7df0ed43e029bea56050f
  React-graphics: b35a661b4a1416ea76a18b769451925a5c79503b
  React-hermes: 7155160dabef04a20a41b817fbea764039833de0
  React-ImageManager: 69cbe2a69c3c3aa15080927362e5f707077ffb24
  React-jserrorhandler: 11ecd2d8b5d3adb1a5008ab9309e286b38995e6a
  React-jsi: da0ebd65e8da907855a7ca4e3dfeb45f5d671886
  React-jsiexecutor: e0623342677d9c9f18c8b42121a70a9671c2b80b
  React-jsinspector: 1729acf5ffe2d4439d698da25fddf0c75d07d1a1
  React-logger: 60afd40b183e8e6642bfd0108f1a1ad360cc665e
  React-Mapbuffer: 780a8ecda636bf19e5e2bfdbbb937e898ff39d7f
  react-native-get-random-values: 21325b2244dfa6b58878f51f9aa42821e7ba3d06
  react-native-netinfo: bdb108d340cdb41875c9ced535977cac6d2ff321
  react-native-safe-area-context: 0ee144a6170530ccc37a0fd9388e28d06f516a89
  React-nativeconfig: b42fe8e97a8d164aebeb6821a27076406b64fbb9
  React-NativeModulesApple: a641fb50cd15f37522f5f5cd7e09fd85789219d2
  React-perflogger: f9367428cf475f4606b5965c1d5a71781bb95299
  React-RCTActionSheet: 39b3248276c7f98e455aebb0cdd473a35c6d5082
  React-RCTAnimation: 10eee15d10e420f56b4014efd4d7fb7f064105fc
  React-RCTAppDelegate: d58a00ce3178b077984f9cbb90c6191d73c9b3a7
  React-RCTBlob: 67bd0b38c39f59ec77dcbab01217a7b9dd338446
  React-RCTFabric: 660a326b222e197eebef9c303212ffafcda17ee3
  React-RCTImage: e9c7790c25684ec5b64b4c92def4d6b95b225826
  React-RCTLinking: d3d3ea5596c9f30fa0e8138e356258fca1f2ccaf
  React-RCTNetwork: b52bcb51f559535612957f20b4ca28ff1438182f
  React-RCTSettings: 6763f9d5210ce3dae6f892a0546c06738014025b
  React-RCTText: 6b8365ef043d3fc01848bb8de48ee9e67ba3bc47
  React-RCTVibration: aa85a228a382b66e8844c2f94cd3e734fa96d07a
  React-rendererdebug: bd9e657da8ad510e0826fc1b8d8137aa3def7c37
  React-rncore: 096d2305fa1d0e05023ec5f79bdeb00b0b296aa0
  React-runtimeexecutor: 1fb11b17da6dcf79da6f301ab54fcb51545bab6e
  React-runtimescheduler: 7d2310716ec342ca23efe5f0b4a971a16df72eec
  React-utils: ca47876d5d2e394bce2db961782fff82e2c2db88
  ReactCommon: 3d00f797f20b7cc9a85a5a00c4faf5da183bfe09
  RNCAsyncStorage: 618d03a5f52fbccb3d7010076bc54712844c18ef
  RNGestureHandler: 12833709769dde5fdb36ec9d4cdf4d3a1a024122
  RNReanimated: 41963a348e738c496a9b129bba9a9217017cd530
  RNScreens: a4d9ce8f68f833f4e42410140eafd88e38bba163
  RNVectorIcons: b307b181c8e98d633d416d36421d515cf2fe9e31
  SocketRocket: f32cd54efbe0f095c4d7594881e52619cfe80b17
  Yoga: 428500217b7b2dba1074041bd3ccf0cad3555925

PODFILE CHECKSUM: bfd2327b7ce7ac3ca034d707aac0c25216166d2f

COCOAPODS: 1.15.2
